
Microsoft Visual Studio Solution File, Format Version 12.00
# Visual Studio Version 16
VisualStudioVersion = 16.0.29911.84
MinimumVisualStudioVersion = 10.0.40219.1
Project("{9A19103F-16F7-4668-BE54-9A1E7A4F7556}") = "EfCoreSeries", "EfCoreSeries.csproj", "{A684116B-72E3-45CE-BD4B-9B2A99AF66F2}"
EndProject
Project("{9A19103F-16F7-4668-BE54-9A1E7A4F7556}") = "Entities", "..\Entities\Entities.csproj", "{F8B18B3F-16F9-4B19-8D28-2B1A98EE9F49}"
EndProject
Global
	GlobalSection(SolutionConfigurationPlatforms) = preSolution
		Debug|Any CPU = Debug|Any CPU
		Release|Any CPU = Release|Any CPU
	EndGlobalSection
	GlobalSection(ProjectConfigurationPlatforms) = postSolution
		{A684116B-72E3-45CE-BD4B-9B2A99AF66F2}.Debug|Any CPU.ActiveCfg = Debug|Any CPU
		{A684116B-72E3-45CE-BD4B-9B2A99AF66F2}.Debug|Any CPU.Build.0 = Debug|Any CPU
		{A684116B-72E3-45CE-BD4B-9B2A99AF66F2}.Release|Any CPU.ActiveCfg = Release|Any CPU
		{A684116B-72E3-45CE-BD4B-9B2A99AF66F2}.Release|Any CPU.Build.0 = Release|Any CPU
		{F8B18B3F-16F9-4B19-8D28-2B1A98EE9F49}.Debug|Any CPU.ActiveCfg = Debug|Any CPU
		{F8B18B3F-16F9-4B19-8D28-2B1A98EE9F49}.Debug|Any CPU.Build.0 = Debug|Any CPU
		{F8B18B3F-16F9-4B19-8D28-2B1A98EE9F49}.Release|Any CPU.ActiveCfg = Release|Any CPU
		{F8B18B3F-16F9-4B19-8D28-2B1A98EE9F49}.Release|Any CPU.Build.0 = Release|Any CPU
	EndGlobalSection
	GlobalSection(SolutionProperties) = preSolution
		HideSolutionNode = FALSE
	EndGlobalSection
	GlobalSection(ExtensibilityGlobals) = postSolution
		SolutionGuid = {F663D83B-17B3-41C2-A4AC-027CCF4FDE03}
	EndGlobalSection
EndGlobal
